%{"bear": {:git, "git://github.com/boundary/bear.git", "119234548783af19b8ec75c879c5062676b92571", [tag: "0.8.2"]},
  "exactor": {:git, "git://github.com/sasa1977/exactor.git", "0467f8100bc735405d597dbf94996195eb31e0b6", [tag: "0467f8100bc735405d597dbf94996195eb31e0b6"]},
  "extask": {:git, "git://github.com/timCF/extask.git", "691cc1a515750bead8b81ed6c13cddbcf115d754", []},
  "exutils": {:git, "git://github.com/timCF/exutils.git", "92d02759daf4b3311a29766342d1d445045e6c83", []},
  "folsom": {:git, "git://github.com/boundary/folsom.git", "f660becd1f71b57df67e53c20df09a02f42319ab", []},
  "hackney": {:hex, :hackney, "1.0.6"},
  "hashex": {:git, "git://github.com/timCF/hashex.git", "cc6b4307daa1ab18c94cdd33bf3cb8a3dab28b96", []},
  "httphex": {:git, "git://github.com/timCF/httphex.git", "8cc68baf8249ed8b2e4f5c0ac08b96fb602e8b5e", []},
  "httpoison": {:git, "git://github.com/edgurgel/httpoison.git", "d5107433ad39ec12cad70490b88438b2dcc148dc", []},
  "idna": {:hex, :idna, "1.0.2"},
  "jazz": {:git, "git://github.com/meh/jazz.git", "49f335492aca5516495199dd81dd18b845ebaa69", []},
  "maybe": {:git, "git://github.com/timCF/maybe.git", "0c500e3abb3d9b82b65915bf7f388ccf004bb790", []},
  "meck": {:git, "git://github.com/eproxus/meck", "dde759050eff19a1a80fd854d7375174b191665d", [tag: "0.8.2"]},
  "ssl_verify_hostname": {:hex, :ssl_verify_hostname, "1.0.1"}}
